
Microsoft Visual Studio Solution File, Format Version 12.00
# Visual Studio 14
VisualStudioVersion = 14.0.25420.1
MinimumVisualStudioVersion = 10.0.40219.1
Project("{FAE04EC0-301F-11D3-BF4B-00C04F79EFBC}") = "SubWayTest.Web", "SubWayTest\SubWayTest.Web.csproj", "{05C8F176-0B90-4FF9-92CD-FB50B4C8EB83}"
EndProject
Project("{FAE04EC0-301F-11D3-BF4B-00C04F79EFBC}") = "SubWayTest.Domain", "SubWayTest.Domain\SubWayTest.Domain.csproj", "{81550A30-F488-4AE5-9500-434FB9AC899E}"
EndProject
Project("{FAE04EC0-301F-11D3-BF4B-00C04F79EFBC}") = "SubWayTest.Wcf", "SubWayTest.Wcf\SubWayTest.Wcf.csproj", "{4A267777-E91D-4F22-996E-21FC40EAF397}"
EndProject
Project("{FAE04EC0-301F-11D3-BF4B-00C04F79EFBC}") = "SubWayTest.WcfTest", "SubWayTest.WcfTest\SubWayTest.WcfTest.csproj", "{5D11EE4D-11BD-4D08-B9F3-097024563A92}"
EndProject
Project("{FAE04EC0-301F-11D3-BF4B-00C04F79EFBC}") = "ConsoleApplication1", "ConsoleApplication1\ConsoleApplication1.csproj", "{7284BC3F-10E1-44EA-B796-57849ECBAA4F}"
EndProject
Project("{FAE04EC0-301F-11D3-BF4B-00C04F79EFBC}") = "SubWayTest.Repository", "SubWayTest.Repository\SubWayTest.Repository.csproj", "{1B986782-5FB3-4ABD-8EFD-F186829A09BD}"
EndProject
Global
	GlobalSection(SolutionConfigurationPlatforms) = preSolution
		Debug|Any CPU = Debug|Any CPU
		Release|Any CPU = Release|Any CPU
	EndGlobalSection
	GlobalSection(ProjectConfigurationPlatforms) = postSolution
		{05C8F176-0B90-4FF9-92CD-FB50B4C8EB83}.Debug|Any CPU.ActiveCfg = Debug|Any CPU
		{05C8F176-0B90-4FF9-92CD-FB50B4C8EB83}.Debug|Any CPU.Build.0 = Debug|Any CPU
		{05C8F176-0B90-4FF9-92CD-FB50B4C8EB83}.Release|Any CPU.ActiveCfg = Release|Any CPU
		{05C8F176-0B90-4FF9-92CD-FB50B4C8EB83}.Release|Any CPU.Build.0 = Release|Any CPU
		{81550A30-F488-4AE5-9500-434FB9AC899E}.Debug|Any CPU.ActiveCfg = Debug|Any CPU
		{81550A30-F488-4AE5-9500-434FB9AC899E}.Debug|Any CPU.Build.0 = Debug|Any CPU
		{81550A30-F488-4AE5-9500-434FB9AC899E}.Release|Any CPU.ActiveCfg = Release|Any CPU
		{81550A30-F488-4AE5-9500-434FB9AC899E}.Release|Any CPU.Build.0 = Release|Any CPU
		{4A267777-E91D-4F22-996E-21FC40EAF397}.Debug|Any CPU.ActiveCfg = Debug|Any CPU
		{4A267777-E91D-4F22-996E-21FC40EAF397}.Debug|Any CPU.Build.0 = Debug|Any CPU
		{4A267777-E91D-4F22-996E-21FC40EAF397}.Release|Any CPU.ActiveCfg = Release|Any CPU
		{4A267777-E91D-4F22-996E-21FC40EAF397}.Release|Any CPU.Build.0 = Release|Any CPU
		{5D11EE4D-11BD-4D08-B9F3-097024563A92}.Debug|Any CPU.ActiveCfg = Debug|Any CPU
		{5D11EE4D-11BD-4D08-B9F3-097024563A92}.Debug|Any CPU.Build.0 = Debug|Any CPU
		{5D11EE4D-11BD-4D08-B9F3-097024563A92}.Release|Any CPU.ActiveCfg = Release|Any CPU
		{5D11EE4D-11BD-4D08-B9F3-097024563A92}.Release|Any CPU.Build.0 = Release|Any CPU
		{7284BC3F-10E1-44EA-B796-57849ECBAA4F}.Debug|Any CPU.ActiveCfg = Debug|Any CPU
		{7284BC3F-10E1-44EA-B796-57849ECBAA4F}.Debug|Any CPU.Build.0 = Debug|Any CPU
		{7284BC3F-10E1-44EA-B796-57849ECBAA4F}.Release|Any CPU.ActiveCfg = Release|Any CPU
		{7284BC3F-10E1-44EA-B796-57849ECBAA4F}.Release|Any CPU.Build.0 = Release|Any CPU
		{1B986782-5FB3-4ABD-8EFD-F186829A09BD}.Debug|Any CPU.ActiveCfg = Debug|Any CPU
		{1B986782-5FB3-4ABD-8EFD-F186829A09BD}.Debug|Any CPU.Build.0 = Debug|Any CPU
		{1B986782-5FB3-4ABD-8EFD-F186829A09BD}.Release|Any CPU.ActiveCfg = Release|Any CPU
		{1B986782-5FB3-4ABD-8EFD-F186829A09BD}.Release|Any CPU.Build.0 = Release|Any CPU
	EndGlobalSection
	GlobalSection(SolutionProperties) = preSolution
		HideSolutionNode = FALSE
	EndGlobalSection
EndGlobal
